
Microsoft Visual Studio Solution File, Format Version 12.00
# Visual Studio Version 17
VisualStudioVersion = 17.14.36811.4 d17.14
MinimumVisualStudioVersion = 10.0.40219.1
Project("{FAE04EC0-301F-11D3-BF4B-00C04F79EFBC}") = "Play-Zone-BackEnd", "Play-Zone-BackEnd.csproj", "{9DCE4DF3-098C-47FE-AAFF-4532C8556A31}"
EndProject
Global
	GlobalSection(SolutionConfigurationPlatforms) = preSolution
		Debug|Any CPU = Debug|Any CPU
		Release|Any CPU = Release|Any CPU
	EndGlobalSection
	GlobalSection(ProjectConfigurationPlatforms) = postSolution
		{9DCE4DF3-098C-47FE-AAFF-4532C8556A31}.Debug|Any CPU.ActiveCfg = Debug|Any CPU
		{9DCE4DF3-098C-47FE-AAFF-4532C8556A31}.Debug|Any CPU.Build.0 = Debug|Any CPU
		{9DCE4DF3-098C-47FE-AAFF-4532C8556A31}.Release|Any CPU.ActiveCfg = Release|Any CPU
		{9DCE4DF3-098C-47FE-AAFF-4532C8556A31}.Release|Any CPU.Build.0 = Release|Any CPU
	EndGlobalSection
	GlobalSection(SolutionProperties) = preSolution
		HideSolutionNode = FALSE
	EndGlobalSection
	GlobalSection(ExtensibilityGlobals) = postSolution
		SolutionGuid = {F073C662-CA4F-46C0-B7ED-6E4E86883EA3}
	EndGlobalSection
EndGlobal
